
Microsoft Visual Studio Solution File, Format Version 12.00
# Visual Studio Version 16
VisualStudioVersion = 16.0.29009.5
MinimumVisualStudioVersion = 10.0.40219.1
Project("{FAE04EC0-301F-11D3-BF4B-00C04F79EFBC}") = "BookMis", "BookMis\BookMis.csproj", "{1F158554-646D-437F-A2F7-C04A83D411D6}"
EndProject
Global
	GlobalSection(SolutionConfigurationPlatforms) = preSolution
		Debug|Any CPU = Debug|Any CPU
		Release|Any CPU = Release|Any CPU
	EndGlobalSection
	GlobalSection(ProjectConfigurationPlatforms) = postSolution
		{1F158554-646D-437F-A2F7-C04A83D411D6}.Debug|Any CPU.ActiveCfg = Debug|Any CPU
		{1F158554-646D-437F-A2F7-C04A83D411D6}.Debug|Any CPU.Build.0 = Debug|Any CPU
		{1F158554-646D-437F-A2F7-C04A83D411D6}.Release|Any CPU.ActiveCfg = Release|Any CPU
		{1F158554-646D-437F-A2F7-C04A83D411D6}.Release|Any CPU.Build.0 = Release|Any CPU
	EndGlobalSection
	GlobalSection(SolutionProperties) = preSolution
		HideSolutionNode = FALSE
	EndGlobalSection
	GlobalSection(ExtensibilityGlobals) = postSolution
		SolutionGuid = {4E16BD86-A24F-42F2-BD38-DBD6953D2364}
	EndGlobalSection
EndGlobal
